
Microsoft Visual Studio Solution File, Format Version 12.00
# Visual Studio Version 16
VisualStudioVersion = 16.0.31624.102
MinimumVisualStudioVersion = 10.0.40219.1
Project("{FAE04EC0-301F-11D3-BF4B-00C04F79EFBC}") = "empresa_framework", "empresa_framework\empresa_framework.csproj", "{D2686E94-AB16-4B85-B1DD-277B48AE160A}"
EndProject
Global
	GlobalSection(SolutionConfigurationPlatforms) = preSolution
		Debug|Any CPU = Debug|Any CPU
		Release|Any CPU = Release|Any CPU
	EndGlobalSection
	GlobalSection(ProjectConfigurationPlatforms) = postSolution
		{D2686E94-AB16-4B85-B1DD-277B48AE160A}.Debug|Any CPU.ActiveCfg = Debug|Any CPU
		{D2686E94-AB16-4B85-B1DD-277B48AE160A}.Debug|Any CPU.Build.0 = Debug|Any CPU
		{D2686E94-AB16-4B85-B1DD-277B48AE160A}.Release|Any CPU.ActiveCfg = Release|Any CPU
		{D2686E94-AB16-4B85-B1DD-277B48AE160A}.Release|Any CPU.Build.0 = Release|Any CPU
	EndGlobalSection
	GlobalSection(SolutionProperties) = preSolution
		HideSolutionNode = FALSE
	EndGlobalSection
	GlobalSection(ExtensibilityGlobals) = postSolution
		SolutionGuid = {FE465CD3-144E-45B7-860F-CBA77BC045CF}
	EndGlobalSection
EndGlobal
